
Microsoft Visual Studio Solution File, Format Version 12.00
# Visual Studio 2013
VisualStudioVersion = 12.0.0.0
MinimumVisualStudioVersion = 10.0.0.1
Project("{FAE04EC0-301F-11D3-BF4B-00C04F79EFBC}") = "CommonCode", "CommonCode\CommonCode.csproj", "{BEB8DD54-49D6-4BD0-9C92-5298521DF851}"
EndProject
Project("{FAE04EC0-301F-11D3-BF4B-00C04F79EFBC}") = "AST", "AST\AST.csproj", "{F9F69765-42A9-4675-82B0-A86D7C196F9A}"
EndProject
Project("{2150E333-8FDC-42A3-9474-1A3956D46DE8}") = "Test", "Test", "{02869389-38EE-4286-A2C0-2B72CD86B30A}"
EndProject
Project("{FAE04EC0-301F-11D3-BF4B-00C04F79EFBC}") = "ManualTestApp", "ManualTestApp\ManualTestApp.csproj", "{642C3F90-9E23-473A-9286-CD2DA73EDCB1}"
EndProject
Project("{FAE04EC0-301F-11D3-BF4B-00C04F79EFBC}") = "UnitTestAST", "UnitTestAST\UnitTestAST.csproj", "{090F8689-1317-4C20-B6DD-4FD68AE655D9}"
EndProject
Global
	GlobalSection(SolutionConfigurationPlatforms) = preSolution
		Debug|Any CPU = Debug|Any CPU
		Release|Any CPU = Release|Any CPU
	EndGlobalSection
	GlobalSection(ProjectConfigurationPlatforms) = postSolution
		{BEB8DD54-49D6-4BD0-9C92-5298521DF851}.Debug|Any CPU.ActiveCfg = Debug|Any CPU
		{BEB8DD54-49D6-4BD0-9C92-5298521DF851}.Debug|Any CPU.Build.0 = Debug|Any CPU
		{BEB8DD54-49D6-4BD0-9C92-5298521DF851}.Release|Any CPU.ActiveCfg = Release|Any CPU
		{BEB8DD54-49D6-4BD0-9C92-5298521DF851}.Release|Any CPU.Build.0 = Release|Any CPU
		{F9F69765-42A9-4675-82B0-A86D7C196F9A}.Debug|Any CPU.ActiveCfg = Debug|Any CPU
		{F9F69765-42A9-4675-82B0-A86D7C196F9A}.Debug|Any CPU.Build.0 = Debug|Any CPU
		{F9F69765-42A9-4675-82B0-A86D7C196F9A}.Release|Any CPU.ActiveCfg = Release|Any CPU
		{F9F69765-42A9-4675-82B0-A86D7C196F9A}.Release|Any CPU.Build.0 = Release|Any CPU
		{642C3F90-9E23-473A-9286-CD2DA73EDCB1}.Debug|Any CPU.ActiveCfg = Debug|Any CPU
		{642C3F90-9E23-473A-9286-CD2DA73EDCB1}.Debug|Any CPU.Build.0 = Debug|Any CPU
		{642C3F90-9E23-473A-9286-CD2DA73EDCB1}.Release|Any CPU.ActiveCfg = Release|Any CPU
		{642C3F90-9E23-473A-9286-CD2DA73EDCB1}.Release|Any CPU.Build.0 = Release|Any CPU
		{090F8689-1317-4C20-B6DD-4FD68AE655D9}.Debug|Any CPU.ActiveCfg = Debug|Any CPU
		{090F8689-1317-4C20-B6DD-4FD68AE655D9}.Debug|Any CPU.Build.0 = Debug|Any CPU
		{090F8689-1317-4C20-B6DD-4FD68AE655D9}.Release|Any CPU.ActiveCfg = Release|Any CPU
		{090F8689-1317-4C20-B6DD-4FD68AE655D9}.Release|Any CPU.Build.0 = Release|Any CPU
	EndGlobalSection
	GlobalSection(SolutionProperties) = preSolution
		HideSolutionNode = FALSE
	EndGlobalSection
	GlobalSection(NestedProjects) = preSolution
		{642C3F90-9E23-473A-9286-CD2DA73EDCB1} = {02869389-38EE-4286-A2C0-2B72CD86B30A}
		{090F8689-1317-4C20-B6DD-4FD68AE655D9} = {02869389-38EE-4286-A2C0-2B72CD86B30A}
	EndGlobalSection
EndGlobal
